
Microsoft Visual Studio Solution File, Format Version 12.00
# Visual Studio 15
Project("{FAE04EC0-301F-11D3-BF4B-00C04F79EFBC}") = "BookCollection", "src\BookCollection\BookCollection.csproj", "{AF9AEDAE-7EFB-4A79-993E-E45F07AABA57}"
EndProject
Project("{FAE04EC0-301F-11D3-BF4B-00C04F79EFBC}") = "BookCollection.Domain", "src\BookCollection.Domain\BookCollection.Domain.csproj", "{AD90C940-E1E1-4038-A6D5-1CBAF0084D7B}"
EndProject
Project("{FAE04EC0-301F-11D3-BF4B-00C04F79EFBC}") = "BookCollection.Domain.Tests", "tests\BookCollection.Domain.Tests\BookCollection.Domain.Tests.csproj", "{DDCFDD12-C11B-4895-A311-C5AA966B8371}"
EndProject
Global
	GlobalSection(SolutionConfigurationPlatforms) = preSolution
		Debug|Any CPU = Debug|Any CPU
		Release|Any CPU = Release|Any CPU
	EndGlobalSection
	GlobalSection(ProjectConfigurationPlatforms) = postSolution
		{AF9AEDAE-7EFB-4A79-993E-E45F07AABA57}.Debug|Any CPU.ActiveCfg = Debug|Any CPU
		{AF9AEDAE-7EFB-4A79-993E-E45F07AABA57}.Debug|Any CPU.Build.0 = Debug|Any CPU
		{AF9AEDAE-7EFB-4A79-993E-E45F07AABA57}.Release|Any CPU.ActiveCfg = Release|Any CPU
		{AF9AEDAE-7EFB-4A79-993E-E45F07AABA57}.Release|Any CPU.Build.0 = Release|Any CPU
		{AD90C940-E1E1-4038-A6D5-1CBAF0084D7B}.Debug|Any CPU.ActiveCfg = Debug|Any CPU
		{AD90C940-E1E1-4038-A6D5-1CBAF0084D7B}.Debug|Any CPU.Build.0 = Debug|Any CPU
		{AD90C940-E1E1-4038-A6D5-1CBAF0084D7B}.Release|Any CPU.ActiveCfg = Release|Any CPU
		{AD90C940-E1E1-4038-A6D5-1CBAF0084D7B}.Release|Any CPU.Build.0 = Release|Any CPU
		{DDCFDD12-C11B-4895-A311-C5AA966B8371}.Debug|Any CPU.ActiveCfg = Debug|Any CPU
		{DDCFDD12-C11B-4895-A311-C5AA966B8371}.Debug|Any CPU.Build.0 = Debug|Any CPU
		{DDCFDD12-C11B-4895-A311-C5AA966B8371}.Release|Any CPU.ActiveCfg = Release|Any CPU
		{DDCFDD12-C11B-4895-A311-C5AA966B8371}.Release|Any CPU.Build.0 = Release|Any CPU
	EndGlobalSection
EndGlobal
